// !$*UTF8*$!
{
	archiveVersion = 1;
	classes = {
	};
	objectVersion = 46;
	objects = {

/* Begin PBXBuildFile section */
		DFB8785F1F74B594001B9A9B /* AppDelegate.swift in Sources */ = {isa = PBXBuildFile; fileRef = DFB8785E1F74B594001B9A9B /* AppDelegate.swift */; };
		DFB878611F74B594001B9A9B /* ViewController.swift in Sources */ = {isa = PBXBuildFile; fileRef = DFB878601F74B594001B9A9B /* ViewController.swift */; };
		DFB878641F74B594001B9A9B /* Main.storyboard in Resources */ = {isa = PBXBuildFile; fileRef = DFB878621F74B594001B9A9B /* Main.storyboard */; };
		DFB878661F74B594001B9A9B /* Assets.xcassets in Resources */ = {isa = PBXBuildFile; fileRef = DFB878651F74B594001B9A9B /* Assets.xcassets */; };
		DFB878691F74B594001B9A9B /* LaunchScreen.storyboard in Resources */ = {isa = PBXBuildFile; fileRef = DFB878671F74B594001B9A9B /* LaunchScreen.storyboard */; };
/* End PBXBuildFile section */

/* Begin PBXFileReference section */
		DFB8785B1F74B594001B9A9B /* MyApp12.app */ = {isa = PBXFileReference; explicitFileType = wrapper.application; includeInIndex = 0; path = MyApp12.app; sourceTree = BUILT_PRODUCTS_DIR; };
		DFB8785E1F74B594001B9A9B /* AppDelegate.swift */ = {isa = PBXFileReference; lastKnownFileType = sourcecode.swift; path = AppDelegate.swift; sourceTree = "<group>"; };
		DFB878601F74B594001B9A9B /* ViewController.swift */ = {isa = PBXFileReference; lastKnownFileType = sourcecode.swift; path = ViewController.swift; sourceTree = "<group>"; };
		DFB878631F74B594001B9A9B /* Base */ = {isa = PBXFileReference; lastKnownFileType = file.storyboard; name = Base; path = Base.lproj/Main.storyboard; sourceTree = "<group>"; };
		DFB878651F74B594001B9A9B /* Assets.xcassets */ = {isa = PBXFileReference; lastKnownFileType = folder.assetcatalog; path = Assets.xcassets; sourceTree = "<group>"; };
		DFB878681F74B594001B9A9B /* Base */ = {isa = PBXFileReference; lastKnownFileType = file.storyboard; name = Base; path = Base.lproj/LaunchScreen.storyboard; sourceTree = "<group>"; };
		DFB8786A1F74B594001B9A9B /* Info.plist */ = {isa = PBXFileReference; lastKnownFileType = text.plist.xml; path = Info.plist; sourceTree = "<group>"; };
/* End PBXFileReference section */

/* Begin PBXFrameworksBuildPhase section */
		DFB878581F74B594001B9A9B /* Frameworks */ = {
			isa = PBXFrameworksBuildPhase;
			buildActionMask = 2147483647;
			files = (
			);
			runOnlyForDeploymentPostprocessing = 0;
		};
/* End PBXFrameworksBuildPhase section */

/* Begin PBXGroup section */
		DFB878521F74B594001B9A9B = {
			isa = PBXGroup;
			children = (
				DFB8785D1F74B594001B9A9B /* MyApp12 */,
				DFB8785C1F74B594001B9A9B /* Products */,
			);
			sourceTree = "<group>";
		};
		DFB8785C1F74B594001B9A9B /* Products */ = {
			isa = PBXGroup;
			children = (
				DFB8785B1F74B594001B9A9B /* MyApp12.app */,
			);
			name = Products;
			sourceTree = "<group>";
		};
		DFB8785D1F74B594001B9A9B /* MyApp12 */ = {
			isa = PBXGroup;
			children = (
				DFB8785E1F74B594001B9A9B /* AppDelegate.swift */,
				DFB878601F74B594001B9A9B /* ViewController.swift */,
				DFB878621F74B594001B9A9B /* Main.storyboard */,
				DFB878651F74B594001B9A9B /* Assets.xcassets */,
				DFB878671F74B594001B9A9B /* LaunchScreen.storyboard */,
				DFB8786A1F74B594001B9A9B /* Info.plist */,
			);
			path = MyApp12;
			sourceTree = "<group>";
		};
/* End PBXGroup section */

/* Begin PBXNativeTarget section */
		DFB8785A1F74B594001B9A9B /* MyApp12 */ = {
			isa = PBXNativeTarget;
			buildConfigurationList = DFB8786D1F74B594001B9A9B /* Build configuration list for PBXNativeTarget "MyApp12" */;
			buildPhases = (
				DFB878571F74B594001B9A9B /* Sources */,
				DFB878581F74B594001B9A9B /* Frameworks */,
				DFB878591F74B594001B9A9B /* Resources */,
			);
			buildRules = (
			);
			dependencies = (
			);
			name = MyApp12;
			productName = MyApp12;
			productReference = DFB8785B1F74B594001B9A9B /* MyApp12.app */;
			productType = "com.apple.product-type.application";
		};
/* End PBXNativeTarget section */

/* Begin PBXProject section */
		DFB878531F74B594001B9A9B /* Project object */ = {
			isa = PBXProject;
			attributes = {
				LastSwiftUpdateCheck = 0830;
				LastUpgradeCheck = 0830;
				ORGANIZATIONNAME = "謝尚霖";
				TargetAttributes = {
					DFB8785A1F74B594001B9A9B = {
						CreatedOnToolsVersion = 8.3.3;
						DevelopmentTeam = MS5N5V7Y5J;
						ProvisioningStyle = Automatic;
					};
				};
			};
			buildConfigurationList = DFB878561F74B594001B9A9B /* Build configuration list for PBXProject "MyApp12" */;
			compatibilityVersion = "Xcode 3.2";
			developmentRegion = English;
			hasScannedForEncodings = 0;
			knownRegions = (
				en,
				Base,
			);
			mainGroup = DFB878521F74B594001B9A9B;
			productRefGroup = DFB8785C1F74B594001B9A9B /* Products */;
			projectDirPath = "";
			projectRoot = "";
			targets = (
				DFB8785A1F74B594001B9A9B /* MyApp12 */,
			);
		};
/* End PBXProject section */

/* Begin PBXResourcesBuildPhase section */
		DFB878591F74B594001B9A9B /* Resources */ = {
			isa = PBXResourcesBuildPhase;
			buildActionMask = 2147483647;
			files = (
				DFB878691F74B594001B9A9B /* LaunchScreen.storyboard in Resources */,
				DFB878661F74B594001B9A9B /* Assets.xcassets in Resources */,
				DFB878641F74B594001B9A9B /* Main.storyboard in Resources */,
			);
			runOnlyForDeploymentPostprocessing = 0;
		};
/* End PBXResourcesBuildPhase section */

/* Begin PBXSourcesBuildPhase section */
		DFB878571F74B594001B9A9B /* Sources */ = {
			isa = PBXSourcesBuildPhase;
			buildActionMask = 2147483647;
			files = (
				DFB878611F74B594001B9A9B /* ViewController.swift in Sources */,
				DFB8785F1F74B594001B9A9B /* AppDelegate.swift in Sources */,
			);
			runOnlyForDeploymentPostprocessing = 0;
		};
/* End PBXSourcesBuildPhase section */

/* Begin PBXVariantGroup section */
		DFB878621F74B594001B9A9B /* Main.storyboard */ = {
			isa = PBXVariantGroup;
			children = (
				DFB878631F74B594001B9A9B /* Base */,
			);
			name = Main.storyboard;
			sourceTree = "<group>";
		};
		DFB878671F74B594001B9A9B /* LaunchScreen.storyboard */ = {
			isa = PBXVariantGroup;
			children = (
				DFB878681F74B594001B9A9B /* Base */,
			);
			name = LaunchScreen.storyboard;
			sourceTree = "<group>";
		};
/* End PBXVariantGroup section */

/* Begin XCBuildConfiguration section */
		DFB8786B1F74B594001B9A9B /* Debug */ = {
			isa = XCBuildConfiguration;
			buildSettings = {
				ALWAYS_SEARCH_USER_PATHS = NO;
				CLANG_ANALYZER_NONNULL = YES;
				CLANG_ANALYZER_NUMBER_OBJECT_CONVERSION = YES_AGGRESSIVE;
				CLANG_CXX_LANGUAGE_STANDARD = "gnu++0x";
				CLANG_CXX_LIBRARY = "libc++";
				CLANG_ENABLE_MODULES = YES;
				CLANG_ENABLE_OBJC_ARC = YES;
				CLANG_WARN_BOOL_CONVERSION = YES;
				CLANG_WARN_CONSTANT_CONVERSION = YES;
				CLANG_WARN_DIRECT_OBJC_ISA_USAGE = YES_ERROR;
				CLANG_WARN_DOCUMENTATION_COMMENTS = YES;
				CLANG_WARN_EMPTY_BODY = YES;
				CLANG_WARN_ENUM_CONVERSION = YES;
				CLANG_WARN_INFINITE_RECURSION = YES;
				CLANG_WARN_INT_CONVERSION = YES;
				CLANG_WARN_OBJC_ROOT_CLASS = YES_ERROR;
				CLANG_WARN_SUSPICIOUS_MOVE = YES;
				CLANG_WARN_UNREACHABLE_CODE = YES;
				CLANG_WARN__DUPLICATE_METHOD_MATCH = YES;
				"CODE_SIGN_IDENTITY[sdk=iphoneos*]" = "iPhone Developer";
				COPY_PHASE_STRIP = NO;
				DEBUG_INFORMATION_FORMAT = dwarf;
				ENABLE_STRICT_OBJC_MSGSEND = YES;
				ENABLE_TESTABILITY = YES;
				GCC_C_LANGUAGE_STANDARD = gnu99;
				GCC_DYNAMIC_NO_PIC = NO;
				GCC_NO_COMMON_BLOCKS = YES;
				GCC_OPTIMIZATION_LEVEL = 0;
				GCC_PREPROCESSOR_DEFINITIONS = (
					"DEBUG=1",
					"$(inherited)",
				);
				GCC_WARN_64_TO_32_BIT_CONVERSION = YES;
				GCC_WARN_ABOUT_RETURN_TYPE = YES_ERROR;
				GCC_WARN_UNDECLARED_SELECTOR = YES;
				GCC_WARN_UNINITIALIZED_AUTOS = YES_AGGRESSIVE;
				GCC_WARN_UNUSED_FUNCTION = YES;
				GCC_WARN_UNUSED_VARIABLE = YES;
				IPHONEOS_DEPLOYMENT_TARGET = 10.3;
				MTL_ENABLE_DEBUG_INFO = YES;
				ONLY_ACTIVE_ARCH = YES;
				SDKROOT = iphoneos;
				SWIFT_ACTIVE_COMPILATION_CONDITIONS = DEBUG;
				SWIFT_OPTIMIZATION_LEVEL = "-Onone";
				TARGETED_DEVICE_FAMILY = "1,2";
			};
			name = Debug;
		};
		DFB8786C1F74B594001B9A9B /* Release */ = {
			isa = XCBuildConfiguration;
			buildSettings = {
				ALWAYS_SEARCH_USER_PATHS = NO;
				CLANG_ANALYZER_NONNULL = YES;
				CLANG_ANALYZER_NUMBER_OBJECT_CONVERSION = YES_AGGRESSIVE;
				CLANG_CXX_LANGUAGE_STANDARD = "gnu++0x";
				CLANG_CXX_LIBRARY = "libc++";
				CLANG_ENABLE_MODULES = YES;
				CLANG_ENABLE_OBJC_ARC = YES;
				CLANG_WARN_BOOL_CONVERSION = YES;
				CLANG_WARN_CONSTANT_CONVERSION = YES;
				CLANG_WARN_DIRECT_OBJC_ISA_USAGE = YES_ERROR;
				CLANG_WARN_DOCUMENTATION_COMMENTS = YES;
				CLANG_WARN_EMPTY_BODY = YES;
				CLANG_WARN_ENUM_CONVERSION = YES;
				CLANG_WARN_INFINITE_RECURSION = YES;
				CLANG_WARN_INT_CONVERSION = YES;
				CLANG_WARN_OBJC_ROOT_CLASS = YES_ERROR;
				CLANG_WARN_SUSPICIOUS_MOVE = YES;
				CLANG_WARN_UNREACHABLE_CODE = YES;
				CLANG_WARN__DUPLICATE_METHOD_MATCH = YES;
				"CODE_SIGN_IDENTITY[sdk=iphoneos*]" = "iPhone Developer";
				COPY_PHASE_STRIP = NO;
				DEBUG_INFORMATION_FORMAT = "dwarf-with-dsym";
				ENABLE_NS_ASSERTIONS = NO;
				ENABLE_STRICT_OBJC_MSGSEND = YES;
				GCC_C_LANGUAGE_STANDARD = gnu99;
				GCC_NO_COMMON_BLOCKS = YES;
				GCC_WARN_64_TO_32_BIT_CONVERSION = YES;
				GCC_WARN_ABOUT_RETURN_TYPE = YES_ERROR;
				GCC_WARN_UNDECLARED_SELECTOR = YES;
				GCC_WARN_UNINITIALIZED_AUTOS = YES_AGGRESSIVE;
				GCC_WARN_UNUSED_FUNCTION = YES;
				GCC_WARN_UNUSED_VARIABLE = YES;
				IPHONEOS_DEPLOYMENT_TARGET = 10.3;
				MTL_ENABLE_DEBUG_INFO = NO;
				SDKROOT = iphoneos;
				SWIFT_OPTIMIZATION_LEVEL = "-Owholemodule";
				TARGETED_DEVICE_FAMILY = "1,2";
				VALIDATE_PRODUCT = YES;
			};
			name = Release;
		};
		DFB8786E1F74B594001B9A9B /* Debug */ = {
			isa = XCBuildConfiguration;
			buildSettings = {
				ASSETCATALOG_COMPILER_APPICON_NAME = AppIcon;
				DEVELOPMENT_TEAM = MS5N5V7Y5J;
				INFOPLIST_FILE = MyApp12/Info.plist;
				LD_RUNPATH_SEARCH_PATHS = "$(inherited) @executable_path/Frameworks";
				PRODUCT_BUNDLE_IDENTIFIER = tw.org.iii.MyApp12;
				PRODUCT_NAME = "$(TARGET_NAME)";
				SWIFT_VERSION = 3.0;
			};
			name = Debug;
		};
		DFB8786F1F74B594001B9A9B /* Release */ = {
			isa = XCBuildConfiguration;
			buildSettings = {
				ASSETCATALOG_COMPILER_APPICON_NAME = AppIcon;
				DEVELOPMENT_TEAM = MS5N5V7Y5J;
				INFOPLIST_FILE = MyApp12/Info.plist;
				LD_RUNPATH_SEARCH_PATHS = "$(inherited) @executable_path/Frameworks";
				PRODUCT_BUNDLE_IDENTIFIER = tw.org.iii.MyApp12;
				PRODUCT_NAME = "$(TARGET_NAME)";
				SWIFT_VERSION = 3.0;
			};
			name = Release;
		};
/* End XCBuildConfiguration section */

/* Begin XCConfigurationList section */
		DFB878561F74B594001B9A9B /* Build configuration list for PBXProject "MyApp12" */ = {
			isa = XCConfigurationList;
			buildConfigurations = (
				DFB8786B1F74B594001B9A9B /* Debug */,
				DFB8786C1F74B594001B9A9B /* Release */,
			);
			defaultConfigurationIsVisible = 0;
			defaultConfigurationName = Release;
		};
		DFB8786D1F74B594001B9A9B /* Build configuration list for PBXNativeTarget "MyApp12" */ = {
			isa = XCConfigurationList;
			buildConfigurations = (
				DFB8786E1F74B594001B9A9B /* Debug */,
				DFB8786F1F74B594001B9A9B /* Release */,
			);
			defaultConfigurationIsVisible = 0;
		};
/* End XCConfigurationList section */
	};
	rootObject = DFB878531F74B594001B9A9B /* Project object */;
}
